version: 6
environments:
  default:
    channels:
    - url: https://conda.anaconda.org/conda-forge/
    packages:
      linux-64:
      - conda: https://conda.anaconda.org/conda-forge/linux-64/_libgcc_mutex-0.1-conda_forge.tar.bz2
      - conda: https://conda.anaconda.org/conda-forge/linux-64/_openmp_mutex-4.5-2_gnu.tar.bz2
      - conda: https://conda.anaconda.org/conda-forge/linux-64/binutils_impl_linux-64-2.45-h9d8b0ac_0.conda
      - conda: https://conda.anaconda.org/conda-forge/noarch/ca-certificates-2025.11.12-hbd8a1cb_0.conda
      - conda: https://conda.anaconda.org/conda-forge/linux-64/gcc_impl_linux-64-15.2.0-hcacfade_7.conda
      - conda: https://conda.anaconda.org/conda-forge/linux-64/icu-75.1-he02047a_0.conda
      - conda: https://conda.anaconda.org/conda-forge/noarch/kernel-headers_linux-64-4.18.0-he073ed8_8.conda
      - conda: https://conda.anaconda.org/conda-forge/linux-64/ld_impl_linux-64-2.45-h1aa0949_0.conda
      - conda: https://conda.anaconda.org/conda-forge/linux-64/libgcc-15.2.0-h767d61c_7.conda
      - conda: https://conda.anaconda.org/conda-forge/noarch/libgcc-devel_linux-64-15.2.0-h73f6952_107.conda
      - conda: https://conda.anaconda.org/conda-forge/linux-64/libgcc-ng-15.2.0-h69a702a_7.conda
      - conda: https://conda.anaconda.org/conda-forge/linux-64/libgomp-15.2.0-h767d61c_7.conda
      - conda: https://conda.anaconda.org/conda-forge/linux-64/libsanitizer-15.2.0-hb13aed2_7.conda
      - conda: https://conda.anaconda.org/conda-forge/linux-64/libstdcxx-15.2.0-h8f9b012_7.conda
      - conda: https://conda.anaconda.org/conda-forge/linux-64/libstdcxx-ng-15.2.0-h4852527_7.conda
      - conda: https://conda.anaconda.org/conda-forge/linux-64/libuv-1.51.0-hb03c661_1.conda
      - conda: https://conda.anaconda.org/conda-forge/linux-64/libzlib-1.3.1-hb9d3cd8_2.conda
      - conda: https://conda.anaconda.org/conda-forge/linux-64/nodejs-22.11.0-hf235a45_0.conda
      - conda: https://conda.anaconda.org/conda-forge/linux-64/openssl-3.6.0-h26f9b46_0.conda
      - conda: https://conda.anaconda.org/conda-forge/linux-64/rust-1.91.1-h53717f1_0.conda
      - conda: https://conda.anaconda.org/conda-forge/noarch/rust-std-wasm32-unknown-unknown-1.91.1-unix_0.conda
      - conda: https://conda.anaconda.org/conda-forge/noarch/rust-std-x86_64-unknown-linux-gnu-1.91.1-h2c6d0dc_0.conda
      - conda: https://conda.anaconda.org/conda-forge/noarch/sysroot_linux-64-2.28-h4ee821c_8.conda
      - conda: https://conda.anaconda.org/conda-forge/noarch/tzdata-2025b-h78e105d_0.conda
      - conda: https://conda.anaconda.org/conda-forge/linux-64/zlib-1.3.1-hb9d3cd8_2.conda
      - conda: https://conda.anaconda.org/conda-forge/linux-64/zstd-1.5.7-hb8e6e7a_2.conda
      osx-64:
      - conda: https://conda.anaconda.org/conda-forge/noarch/ca-certificates-2025.11.12-hbd8a1cb_0.conda
      - conda: https://conda.anaconda.org/conda-forge/osx-64/icu-75.1-h120a0e1_0.conda
      - conda: https://conda.anaconda.org/conda-forge/osx-64/libcxx-21.1.5-h3d58e20_0.conda
      - conda: https://conda.anaconda.org/conda-forge/osx-64/libuv-1.51.0-h58003a5_1.conda
      - conda: https://conda.anaconda.org/conda-forge/osx-64/libzlib-1.3.1-hd23fc13_2.conda
      - conda: https://conda.anaconda.org/conda-forge/osx-64/nodejs-22.11.0-hf4117ec_0.conda
      - conda: https://conda.anaconda.org/conda-forge/osx-64/openssl-3.6.0-h230baf5_0.conda
      - conda: https://conda.anaconda.org/conda-forge/osx-64/rust-1.91.1-h34a2095_0.conda
      - conda: https://conda.anaconda.org/conda-forge/noarch/rust-std-wasm32-unknown-unknown-1.91.1-unix_0.conda
      - conda: https://conda.anaconda.org/conda-forge/noarch/rust-std-x86_64-apple-darwin-1.91.1-h38e4360_0.conda
      - conda: https://conda.anaconda.org/conda-forge/osx-64/zlib-1.3.1-hd23fc13_2.conda
      osx-arm64:
      - conda: https://conda.anaconda.org/conda-forge/noarch/ca-certificates-2025.11.12-hbd8a1cb_0.conda
      - conda: https://conda.anaconda.org/conda-forge/osx-arm64/icu-75.1-hfee45f7_0.conda
      - conda: https://conda.anaconda.org/conda-forge/osx-arm64/libcxx-21.1.5-hf598326_0.conda
      - conda: https://conda.anaconda.org/conda-forge/osx-arm64/libuv-1.51.0-h6caf38d_1.conda
      - conda: https://conda.anaconda.org/conda-forge/osx-arm64/libzlib-1.3.1-h8359307_2.conda
      - conda: https://conda.anaconda.org/conda-forge/osx-arm64/nodejs-22.11.0-haa7c7e9_0.conda
      - conda: https://conda.anaconda.org/conda-forge/osx-arm64/openssl-3.6.0-h5503f6c_0.conda
      - conda: https://conda.anaconda.org/conda-forge/osx-arm64/rust-1.91.1-h4ff7c5d_0.conda
      - conda: https://conda.anaconda.org/conda-forge/noarch/rust-std-aarch64-apple-darwin-1.91.1-hf6ec828_0.conda
      - conda: https://conda.anaconda.org/conda-forge/noarch/rust-std-wasm32-unknown-unknown-1.91.1-unix_0.conda
      - conda: https://conda.anaconda.org/conda-forge/osx-arm64/zlib-1.3.1-h8359307_2.conda
      win-64:
      - conda: https://conda.anaconda.org/conda-forge/win-64/nodejs-22.11.0-h57928b3_0.conda
      - conda: https://conda.anaconda.org/conda-forge/win-64/rust-1.91.1-hf8d6059_0.conda
      - conda: https://conda.anaconda.org/conda-forge/noarch/rust-std-wasm32-unknown-unknown-1.91.1-win_0.conda
      - conda: https://conda.anaconda.org/conda-forge/noarch/rust-std-x86_64-pc-windows-msvc-1.91.1-h17fc481_0.conda
packages:
- conda: https://conda.anaconda.org/conda-forge/linux-64/_libgcc_mutex-0.1-conda_forge.tar.bz2
  sha256: fe51de6107f9edc7aa4f786a70f4a883943bc9d39b3bb7307c04c41410990726
  md5: d7c89558ba9fa0495403155b64376d81
  license: None
  size: 2562
  timestamp: 1578324546067
- conda: https://conda.anaconda.org/conda-forge/linux-64/_openmp_mutex-4.5-2_gnu.tar.bz2
  build_number: 16
  sha256: fbe2c5e56a653bebb982eda4876a9178aedfc2b545f25d0ce9c4c0b508253d22
  md5: 73aaf86a425cc6e73fcf236a5a46396d
  depends:
  - _libgcc_mutex 0.1 conda_forge
  - libgomp >=7.5.0
  constrains:
  - openmp_impl 9999
  license: BSD-3-Clause
  license_family: BSD
  size: 23621
  timestamp: 1650670423406
- conda: https://conda.anaconda.org/conda-forge/linux-64/binutils_impl_linux-64-2.45-h9d8b0ac_0.conda
  sha256: 1733bd616f0e7afdc926e4eb80b00483ebdc51bc6aadf7c4b7242ed93044e25b
  md5: 0f846eecce9004022f9706252b143b0f
  depends:
  - ld_impl_linux-64 2.45 h1aa0949_0
  - sysroot_linux-64
  - zstd >=1.5.7,<1.6.0a0
  license: GPL-3.0-only
  license_family: GPL
  size: 3781434
  timestamp: 1763060453906
- conda: https://conda.anaconda.org/conda-forge/noarch/ca-certificates-2025.11.12-hbd8a1cb_0.conda
  sha256: b986ba796d42c9d3265602bc038f6f5264095702dd546c14bc684e60c385e773
  md5: f0991f0f84902f6b6009b4d2350a83aa
  depends:
  - __unix
  license: ISC
  size: 152432
  timestamp: 1762967197890
- conda: https://conda.anaconda.org/conda-forge/linux-64/gcc_impl_linux-64-15.2.0-hcacfade_7.conda
  sha256: 6a19411e3fe4e4f55509f4b0c374663b3f8903ed5ae1cc94be1b88846c50c269
  md5: 3d75679d5e2bd547cb52b913d73f69ef
  depends:
  - binutils_impl_linux-64 >=2.40
  - libgcc >=15.2.0
  - libgcc-devel_linux-64 15.2.0 h73f6952_107
  - libgomp >=15.2.0
  - libsanitizer 15.2.0 hb13aed2_7
  - libstdcxx >=15.2.0
  - sysroot_linux-64
  license: GPL-3.0-only WITH GCC-exception-3.1
  license_family: GPL
  size: 77766660
  timestamp: 1759968214246
- conda: https://conda.anaconda.org/conda-forge/linux-64/icu-75.1-he02047a_0.conda
  sha256: 71e750d509f5fa3421087ba88ef9a7b9be11c53174af3aa4d06aff4c18b38e8e
  md5: 8b189310083baabfb622af68fd9d3ae3
  depends:
  - __glibc >=2.17,<3.0.a0
  - libgcc-ng >=12
  - libstdcxx-ng >=12
  license: MIT
  license_family: MIT
  size: 12129203
  timestamp: 1720853576813
- conda: https://conda.anaconda.org/conda-forge/osx-64/icu-75.1-h120a0e1_0.conda
  sha256: 2e64307532f482a0929412976c8450c719d558ba20c0962832132fd0d07ba7a7
  md5: d68d48a3060eb5abdc1cdc8e2a3a5966
  depends:
  - __osx >=10.13
  license: MIT
  license_family: MIT
  size: 11761697
  timestamp: 1720853679409
- conda: https://conda.anaconda.org/conda-forge/osx-arm64/icu-75.1-hfee45f7_0.conda
  sha256: 9ba12c93406f3df5ab0a43db8a4b4ef67a5871dfd401010fbe29b218b2cbe620
  md5: 5eb22c1d7b3fc4abb50d92d621583137
  depends:
  - __osx >=11.0
  license: MIT
  license_family: MIT
  size: 11857802
  timestamp: 1720853997952
- conda: https://conda.anaconda.org/conda-forge/noarch/kernel-headers_linux-64-4.18.0-he073ed8_8.conda
  sha256: 305c22a251db227679343fd73bfde121e555d466af86e537847f4c8b9436be0d
  md5: ff007ab0f0fdc53d245972bba8a6d40c
  constrains:
  - sysroot_linux-64 ==2.28
  license: LGPL-2.0-or-later AND LGPL-2.0-or-later WITH exceptions AND GPL-2.0-or-later
  license_family: GPL
  size: 1272697
  timestamp: 1752669126073
- conda: https://conda.anaconda.org/conda-forge/linux-64/ld_impl_linux-64-2.45-h1aa0949_0.conda
  sha256: 32321d38b8785ef8ddcfef652ee370acee8d944681014d47797a18637ff16854
  md5: 1450224b3e7d17dfeb985364b77a4d47
  depends:
  - __glibc >=2.17,<3.0.a0
  - zstd >=1.5.7,<1.6.0a0
  constrains:
  - binutils_impl_linux-64 2.45
  license: GPL-3.0-only
  license_family: GPL
  size: 753744
  timestamp: 1763060439129
- conda: https://conda.anaconda.org/conda-forge/osx-64/libcxx-21.1.5-h3d58e20_0.conda
  sha256: 2471cbb0741494aeb1706ad4593a9b993bbcb9c874518833c08073623b958359
  md5: d76e25c022d8dddc2055b981fa78a7e7
  depends:
  - __osx >=10.13
  license: Apache-2.0 WITH LLVM-exception
  license_family: Apache
  size: 569679
  timestamp: 1762257632306
- conda: https://conda.anaconda.org/conda-forge/osx-arm64/libcxx-21.1.5-hf598326_0.conda
  sha256: cb441b85669eec99a593f59e6bb18c1d8a46d13eebadfc6a55f0b298109bf510
  md5: fbfdbf6e554275d2661c4541f45fed53
  depends:
  - __osx >=11.0
  license: Apache-2.0 WITH LLVM-exception
  license_family: Apache
  size: 569449
  timestamp: 1762258167196
- conda: https://conda.anaconda.org/conda-forge/linux-64/libgcc-15.2.0-h767d61c_7.conda
  sha256: 08f9b87578ab981c7713e4e6a7d935e40766e10691732bba376d4964562bcb45
  md5: c0374badb3a5d4b1372db28d19462c53
  depends:
  - __glibc >=2.17,<3.0.a0
  - _openmp_mutex >=4.5
  constrains:
  - libgomp 15.2.0 h767d61c_7
  - libgcc-ng ==15.2.0=*_7
  license: GPL-3.0-only WITH GCC-exception-3.1
  license_family: GPL
  size: 822552
  timestamp: 1759968052178
- conda: https://conda.anaconda.org/conda-forge/noarch/libgcc-devel_linux-64-15.2.0-h73f6952_107.conda
  sha256: 67323768cddb87e744d0e593f92445cd10005e04259acd3e948c7ba3bcb03aed
  md5: 85fce551e54a1e81b69f9ffb3ade6aee
  depends:
  - __unix
  license: GPL-3.0-only WITH GCC-exception-3.1
  license_family: GPL
  size: 2728965
  timestamp: 1759967882886
- conda: https://conda.anaconda.org/conda-forge/linux-64/libgcc-ng-15.2.0-h69a702a_7.conda
  sha256: 2045066dd8e6e58aaf5ae2b722fb6dfdbb57c862b5f34ac7bfb58c40ef39b6ad
  md5: 280ea6eee9e2ddefde25ff799c4f0363
  depends:
  - libgcc 15.2.0 h767d61c_7
  license: GPL-3.0-only WITH GCC-exception-3.1
  license_family: GPL
  size: 29313
  timestamp: 1759968065504
- conda: https://conda.anaconda.org/conda-forge/linux-64/libgomp-15.2.0-h767d61c_7.conda
  sha256: e9fb1c258c8e66ee278397b5822692527c5f5786d372fe7a869b900853f3f5ca
  md5: f7b4d76975aac7e5d9e6ad13845f92fe
  depends:
  - __glibc >=2.17,<3.0.a0
  license: GPL-3.0-only WITH GCC-exception-3.1
  license_family: GPL
  size: 447919
  timestamp: 1759967942498
- conda: https://conda.anaconda.org/conda-forge/linux-64/libsanitizer-15.2.0-hb13aed2_7.conda
  sha256: 4d15a66e136fba55bc0e83583de603f46e972f3486e2689628dfd9729a5c3d78
  md5: 4ea6053660330c1bbd4635b945f7626d
  depends:
  - __glibc >=2.17,<3.0.a0
  - libgcc >=15.2.0
  - libstdcxx >=15.2.0
  license: GPL-3.0-only WITH GCC-exception-3.1
  license_family: GPL
  size: 5133768
  timestamp: 1759968130105
- conda: https://conda.anaconda.org/conda-forge/linux-64/libstdcxx-15.2.0-h8f9b012_7.conda
  sha256: 1b981647d9775e1cdeb2fab0a4dd9cd75a6b0de2963f6c3953dbd712f78334b3
  md5: 5b767048b1b3ee9a954b06f4084f93dc
  depends:
  - __glibc >=2.17,<3.0.a0
  - libgcc 15.2.0 h767d61c_7
  constrains:
  - libstdcxx-ng ==15.2.0=*_7
  license: GPL-3.0-only WITH GCC-exception-3.1
  license_family: GPL
  size: 3898269
  timestamp: 1759968103436
- conda: https://conda.anaconda.org/conda-forge/linux-64/libstdcxx-ng-15.2.0-h4852527_7.conda
  sha256: 024fd46ac3ea8032a5ec3ea7b91c4c235701a8bf0e6520fe5e6539992a6bd05f
  md5: f627678cf829bd70bccf141a19c3ad3e
  depends:
  - libstdcxx 15.2.0 h8f9b012_7
  license: GPL-3.0-only WITH GCC-exception-3.1
  license_family: GPL
  size: 29343
  timestamp: 1759968157195
- conda: https://conda.anaconda.org/conda-forge/linux-64/libuv-1.51.0-hb03c661_1.conda
  sha256: c180f4124a889ac343fc59d15558e93667d894a966ec6fdb61da1604481be26b
  md5: 0f03292cc56bf91a077a134ea8747118
  depends:
  - __glibc >=2.17,<3.0.a0
  - libgcc >=14
  license: MIT
  license_family: MIT
  size: 895108
  timestamp: 1753948278280
- conda: https://conda.anaconda.org/conda-forge/osx-64/libuv-1.51.0-h58003a5_1.conda
  sha256: d90dd0eee6f195a5bd14edab4c5b33be3635b674b0b6c010fb942b956aa2254c
  md5: fbfc6cf607ae1e1e498734e256561dc3
  depends:
  - __osx >=10.13
  license: MIT
  license_family: MIT
  size: 422612
  timestamp: 1753948458902
- conda: https://conda.anaconda.org/conda-forge/osx-arm64/libuv-1.51.0-h6caf38d_1.conda
  sha256: 042c7488ad97a5629ec0a991a8b2a3345599401ecc75ad6a5af73b60e6db9689
  md5: c0d87c3c8e075daf1daf6c31b53e8083
  depends:
  - __osx >=11.0
  license: MIT
  license_family: MIT
  size: 421195
  timestamp: 1753948426421
- conda: https://conda.anaconda.org/conda-forge/linux-64/libzlib-1.3.1-hb9d3cd8_2.conda
  sha256: d4bfe88d7cb447768e31650f06257995601f89076080e76df55e3112d4e47dc4
  md5: edb0dca6bc32e4f4789199455a1dbeb8
  depends:
  - __glibc >=2.17,<3.0.a0
  - libgcc >=13
  constrains:
  - zlib 1.3.1 *_2
  license: Zlib
  license_family: Other
  size: 60963
  timestamp: 1727963148474
- conda: https://conda.anaconda.org/conda-forge/osx-64/libzlib-1.3.1-hd23fc13_2.conda
  sha256: 8412f96504fc5993a63edf1e211d042a1fd5b1d51dedec755d2058948fcced09
  md5: 003a54a4e32b02f7355b50a837e699da
  depends:
  - __osx >=10.13
  constrains:
  - zlib 1.3.1 *_2
  license: Zlib
  license_family: Other
  size: 57133
  timestamp: 1727963183990
- conda: https://conda.anaconda.org/conda-forge/osx-arm64/libzlib-1.3.1-h8359307_2.conda
  sha256: ce34669eadaba351cd54910743e6a2261b67009624dbc7daeeafdef93616711b
  md5: 369964e85dc26bfe78f41399b366c435
  depends:
  - __osx >=11.0
  constrains:
  - zlib 1.3.1 *_2
  license: Zlib
  license_family: Other
  size: 46438
  timestamp: 1727963202283
- conda: https://conda.anaconda.org/conda-forge/linux-64/nodejs-22.11.0-hf235a45_0.conda
  sha256: b90c26267d12d5dd97ef09b4393235be3a3cbe5eef07c5a2ada4230623f0b0b1
  md5: 64cd0bde7dffac5baa4d9fb0ac3ae713
  depends:
  - __glibc >=2.28,<3.0.a0
  - icu >=75.1,<76.0a0
  - libgcc >=13
  - libstdcxx >=13
  - libuv >=1.49.2,<2.0a0
  - libzlib >=1.3.1,<2.0a0
  - openssl >=3.4.0,<4.0a0
  - zlib
  license: MIT
  license_family: MIT
  size: 21336234
  timestamp: 1731921762943
- conda: https://conda.anaconda.org/conda-forge/osx-64/nodejs-22.11.0-hf4117ec_0.conda
  sha256: d86709c3c2e2a58331b1642bab314b22d030e3d8738e19429f967d3ab0314604
  md5: 076c12f64b455b71958dfdfdcd6b6d96
  depends:
  - __osx >=10.15
  - icu >=75.1,<76.0a0
  - libcxx >=18
  - libuv >=1.49.2,<2.0a0
  - libzlib >=1.3.1,<2.0a0
  - openssl >=3.4.0,<4.0a0
  - zlib
  license: MIT
  license_family: MIT
  size: 15707721
  timestamp: 1731928765541
- conda: https://conda.anaconda.org/conda-forge/osx-arm64/nodejs-22.11.0-haa7c7e9_0.conda
  sha256: 304a2bf558f262a8e29f6b6abcc5fabde3b31d903bc699381b1b57f41e7c34d0
  md5: 34da600f0addaef949d28953e23482b4
  depends:
  - __osx >=11.0
  - icu >=75.1,<76.0a0
  - libcxx >=18
  - libuv >=1.49.2,<2.0a0
  - libzlib >=1.3.1,<2.0a0
  - openssl >=3.4.0,<4.0a0
  - zlib
  license: MIT
  license_family: MIT
  size: 14965601
  timestamp: 1731936621771
- conda: https://conda.anaconda.org/conda-forge/win-64/nodejs-22.11.0-h57928b3_0.conda
  sha256: b182be51b98ee410d9065c2e202dfb86bb7cb6f1db958790e34836bb99e9ad4b
  md5: 902548b1eaf4fec280a98c13c3d8cf3e
  license: MIT
  license_family: MIT
  size: 25685624
  timestamp: 1731917625548
- conda: https://conda.anaconda.org/conda-forge/linux-64/openssl-3.6.0-h26f9b46_0.conda
  sha256: a47271202f4518a484956968335b2521409c8173e123ab381e775c358c67fe6d
  md5: 9ee58d5c534af06558933af3c845a780
  depends:
  - __glibc >=2.17,<3.0.a0
  - ca-certificates
  - libgcc >=14
  license: Apache-2.0
  license_family: Apache
  size: 3165399
  timestamp: 1762839186699
- conda: https://conda.anaconda.org/conda-forge/osx-64/openssl-3.6.0-h230baf5_0.conda
  sha256: 36fe9fb316be22fcfb46d5fa3e2e85eec5ef84f908b7745f68f768917235b2d5
  md5: 3f50cdf9a97d0280655758b735781096
  depends:
  - __osx >=10.13
  - ca-certificates
  license: Apache-2.0
  license_family: Apache
  size: 2778996
  timestamp: 1762840724922
- conda: https://conda.anaconda.org/conda-forge/osx-arm64/openssl-3.6.0-h5503f6c_0.conda
  sha256: ebe93dafcc09e099782fe3907485d4e1671296bc14f8c383cb6f3dfebb773988
  md5: b34dc4172653c13dcf453862f251af2b
  depends:
  - __osx >=11.0
  - ca-certificates
  license: Apache-2.0
  license_family: Apache
  size: 3108371
  timestamp: 1762839712322
- conda: https://conda.anaconda.org/conda-forge/linux-64/rust-1.91.1-h53717f1_0.conda
  sha256: fb5d544cac6a15ddbc7c47fddc812407713fd220f64716928f0ccf13c8655de4
  md5: 5a2d92eacdea9d7ffb895c3fd9c761e6
  depends:
  - __glibc >=2.17,<3.0.a0
  - gcc_impl_linux-64
  - libgcc >=14
  - libzlib >=1.3.1,<2.0a0
  - rust-std-x86_64-unknown-linux-gnu 1.91.1 h2c6d0dc_0
  - sysroot_linux-64 >=2.17
  license: MIT
  license_family: MIT
  size: 232940165
  timestamp: 1762816703243
- conda: https://conda.anaconda.org/conda-forge/osx-64/rust-1.91.1-h34a2095_0.conda
  sha256: 6100c56165de7a7ae364b31c5aaa6ab767c1df93d8f4727588c4c1e67578598e
  md5: 12a95d7b58a607bb4733ccbad692bbd5
  depends:
  - rust-std-x86_64-apple-darwin 1.91.1 h38e4360_0
  license: MIT
  license_family: MIT
  size: 201650203
  timestamp: 1762815860111
- conda: https://conda.anaconda.org/conda-forge/osx-arm64/rust-1.91.1-h4ff7c5d_0.conda
  sha256: 7a6bb008bd61465de2da9a4bbe8b6698d457a134e6c91470a2b90f9fc030cadf
  md5: e7f3b1b4506cd0583e1e51de8fe608b8
  depends:
  - rust-std-aarch64-apple-darwin 1.91.1 hf6ec828_0
  license: MIT
  license_family: MIT
  size: 238675951
  timestamp: 1762816232623
- conda: https://conda.anaconda.org/conda-forge/win-64/rust-1.91.1-hf8d6059_0.conda
  sha256: 8d534ac516635aa5e60d92b662cbb8a46e8538b7c59ac19cfb4bc67fdfba695d
  md5: 07784b15b3aba5e4b95e708ab64017e5
  depends:
  - rust-std-x86_64-pc-windows-msvc 1.91.1 h17fc481_0
  license: MIT
  license_family: MIT
  size: 259744374
  timestamp: 1762819880969
- conda: https://conda.anaconda.org/conda-forge/noarch/rust-std-aarch64-apple-darwin-1.91.1-hf6ec828_0.conda
  sha256: cd35a86d53451c6a102bfbfd8b7eced335c37b9596bc451415f427ff0a7791ff
  md5: 396bd913af8c7e7065341469c0c96f89
  depends:
  - __unix
  constrains:
  - rust >=1.91.1,<1.91.2.0a0
  license: MIT
  license_family: MIT
  size: 34408074
  timestamp: 1762815828095
- conda: https://conda.anaconda.org/conda-forge/noarch/rust-std-wasm32-unknown-unknown-1.91.1-unix_0.conda
  sha256: 2bf2a6f17a2eeeba214ca477c57b640bee2d7c7b002bdbc94011aeb09cc41e12
  md5: 05d0e222b121efbff44376b0c14f2f18
  depends:
  - __unix
  constrains:
  - rust >=1.91.1,<1.91.2.0a0
  license: MIT
  license_family: MIT
  size: 25189426
  timestamp: 1762816257438
- conda: https://conda.anaconda.org/conda-forge/noarch/rust-std-wasm32-unknown-unknown-1.91.1-win_0.conda
  sha256: 80949e90fbe755da10d41018d9c89aa70eb749d6a9ed68b51d688349e0378270
  md5: 5f96114eadf1ead63320552c6c464cd9
  depends:
  - __win
  constrains:
  - rust >=1.91.1,<1.91.2.0a0
  license: MIT
  license_family: MIT
  size: 25192695
  timestamp: 1762818950673
- conda: https://conda.anaconda.org/conda-forge/noarch/rust-std-x86_64-apple-darwin-1.91.1-h38e4360_0.conda
  sha256: c7e1e2b81ba579bc154b1f07f7210b719339b58dd19db00f50572b21a578a744
  md5: 5a3d3bf88e2c6cd62f1a4c39e2c99294
  depends:
  - __unix
  constrains:
  - rust >=1.91.1,<1.91.2.0a0
  license: MIT
  license_family: MIT
  size: 36090950
  timestamp: 1762815707758
- conda: https://conda.anaconda.org/conda-forge/noarch/rust-std-x86_64-pc-windows-msvc-1.91.1-h17fc481_0.conda
  sha256: 3fc00c7ba97f2aabc67e2200214a0b88cb3f9b2535d9aaf2a9b81fa9b9039bb5
  md5: e74453fdcdf8bb71a58bfd3659c88d5a
  depends:
  - __win
  constrains:
  - rust >=1.91.1,<1.91.2.0a0
  license: MIT
  license_family: MIT
  size: 28706731
  timestamp: 1762819454173
- conda: https://conda.anaconda.org/conda-forge/noarch/rust-std-x86_64-unknown-linux-gnu-1.91.1-h2c6d0dc_0.conda
  sha256: 21925ee23f5a7522a191a67f640a765ff67c4f028db95d6f41634e22449cd4af
  md5: 2a3345e21b15b8659310e01e9c6eda60
  depends:
  - __unix
  constrains:
  - rust >=1.91.1,<1.91.2.0a0
  license: MIT
  license_family: MIT
  size: 38139898
  timestamp: 1762816495933
- conda: https://conda.anaconda.org/conda-forge/noarch/sysroot_linux-64-2.28-h4ee821c_8.conda
  sha256: 0053c17ffbd9f8af1a7f864995d70121c292e317804120be4667f37c92805426
  md5: 1bad93f0aa428d618875ef3a588a889e
  depends:
  - __glibc >=2.28
  - kernel-headers_linux-64 4.18.0 he073ed8_8
  - tzdata
  license: LGPL-2.0-or-later AND LGPL-2.0-or-later WITH exceptions AND GPL-2.0-or-later
  license_family: GPL
  size: 24210909
  timestamp: 1752669140965
- conda: https://conda.anaconda.org/conda-forge/noarch/tzdata-2025b-h78e105d_0.conda
  sha256: 5aaa366385d716557e365f0a4e9c3fca43ba196872abbbe3d56bb610d131e192
  md5: 4222072737ccff51314b5ece9c7d6f5a
  license: LicenseRef-Public-Domain
  size: 122968
  timestamp: 1742727099393
- conda: https://conda.anaconda.org/conda-forge/linux-64/zlib-1.3.1-hb9d3cd8_2.conda
  sha256: 5d7c0e5f0005f74112a34a7425179f4eb6e73c92f5d109e6af4ddeca407c92ab
  md5: c9f075ab2f33b3bbee9e62d4ad0a6cd8
  depends:
  - __glibc >=2.17,<3.0.a0
  - libgcc >=13
  - libzlib 1.3.1 hb9d3cd8_2
  license: Zlib
  license_family: Other
  size: 92286
  timestamp: 1727963153079
- conda: https://conda.anaconda.org/conda-forge/osx-64/zlib-1.3.1-hd23fc13_2.conda
  sha256: 219edbdfe7f073564375819732cbf7cc0d7c7c18d3f546a09c2dfaf26e4d69f3
  md5: c989e0295dcbdc08106fe5d9e935f0b9
  depends:
  - __osx >=10.13
  - libzlib 1.3.1 hd23fc13_2
  license: Zlib
  license_family: Other
  size: 88544
  timestamp: 1727963189976
- conda: https://conda.anaconda.org/conda-forge/osx-arm64/zlib-1.3.1-h8359307_2.conda
  sha256: 58f8860756680a4831c1bf4f294e2354d187f2e999791d53b1941834c4b37430
  md5: e3170d898ca6cb48f1bb567afb92f775
  depends:
  - __osx >=11.0
  - libzlib 1.3.1 h8359307_2
  license: Zlib
  license_family: Other
  size: 77606
  timestamp: 1727963209370
- conda: https://conda.anaconda.org/conda-forge/linux-64/zstd-1.5.7-hb8e6e7a_2.conda
  sha256: a4166e3d8ff4e35932510aaff7aa90772f84b4d07e9f6f83c614cba7ceefe0eb
  md5: 6432cb5d4ac0046c3ac0a8a0f95842f9
  depends:
  - __glibc >=2.17,<3.0.a0
  - libgcc >=13
  - libstdcxx >=13
  - libzlib >=1.3.1,<2.0a0
  license: BSD-3-Clause
  license_family: BSD
  size: 567578
  timestamp: 1742433379869
